# THIS IS AN AUTOGENERATED FILE. DO NOT EDIT THIS FILE DIRECTLY.
# yarn lockfile v1


"@babel/parser@^7.20.15", "@babel/parser@^7.21.3":
  version "7.22.11"
  resolved "https://registry.yarnpkg.com/@babel/parser/-/parser-7.22.11.tgz#becf8ee33aad2a35ed5607f521fe6e72a615f905"
  integrity sha512-R5zb8eJIBPJriQtbH/htEQy4k7E2dHWlD2Y2VT07JCzwYZHBxV5ZYtM0UhXSNMT74LyxuM+b1jdL7pSesXbC/g==

"@esbuild/android-arm64@0.18.20":
  version "0.18.20"
  resolved "https://registry.yarnpkg.com/@esbuild/android-arm64/-/android-arm64-0.18.20.tgz#984b4f9c8d0377443cc2dfcef266d02244593622"
  integrity sha512-Nz4rJcchGDtENV0eMKUNa6L12zz2zBDXuhj/Vjh18zGqB44Bi7MBMSXjgunJgjRhCmKOjnPuZp4Mb6OKqtMHLQ==

"@esbuild/android-arm@0.18.20":
  version "0.18.20"
  resolved "https://registry.yarnpkg.com/@esbuild/android-arm/-/android-arm-0.18.20.tgz#fedb265bc3a589c84cc11f810804f234947c3682"
  integrity sha512-fyi7TDI/ijKKNZTUJAQqiG5T7YjJXgnzkURqmGj13C6dCqckZBLdl4h7bkhHt/t0WP+zO9/zwroDvANaOqO5Sw==

"@esbuild/android-x64@0.18.20":
  version "0.18.20"
  resolved "https://registry.yarnpkg.com/@esbuild/android-x64/-/android-x64-0.18.20.tgz#35cf419c4cfc8babe8893d296cd990e9e9f756f2"
  integrity sha512-8GDdlePJA8D6zlZYJV/jnrRAi6rOiNaCC/JclcXpB+KIuvfBN4owLtgzY2bsxnx666XjJx2kDPUmnTtR8qKQUg==

"@esbuild/darwin-arm64@0.18.20":
  version "0.18.20"
  resolved "https://registry.yarnpkg.com/@esbuild/darwin-arm64/-/darwin-arm64-0.18.20.tgz#08172cbeccf95fbc383399a7f39cfbddaeb0d7c1"
  integrity sha512-bxRHW5kHU38zS2lPTPOyuyTm+S+eobPUnTNkdJEfAddYgEcll4xkT8DB9d2008DtTbl7uJag2HuE5NZAZgnNEA==

"@esbuild/darwin-x64@0.18.20":
  version "0.18.20"
  resolved "https://registry.yarnpkg.com/@esbuild/darwin-x64/-/darwin-x64-0.18.20.tgz#d70d5790d8bf475556b67d0f8b7c5bdff053d85d"
  integrity sha512-pc5gxlMDxzm513qPGbCbDukOdsGtKhfxD1zJKXjCCcU7ju50O7MeAZ8c4krSJcOIJGFR+qx21yMMVYwiQvyTyQ==

"@esbuild/freebsd-arm64@0.18.20":
  version "0.18.20"
  resolved "https://registry.yarnpkg.com/@esbuild/freebsd-arm64/-/freebsd-arm64-0.18.20.tgz#98755cd12707f93f210e2494d6a4b51b96977f54"
  integrity sha512-yqDQHy4QHevpMAaxhhIwYPMv1NECwOvIpGCZkECn8w2WFHXjEwrBn3CeNIYsibZ/iZEUemj++M26W3cNR5h+Tw==

"@esbuild/freebsd-x64@0.18.20":
  version "0.18.20"
  resolved "https://registry.yarnpkg.com/@esbuild/freebsd-x64/-/freebsd-x64-0.18.20.tgz#c1eb2bff03915f87c29cece4c1a7fa1f423b066e"
  integrity sha512-tgWRPPuQsd3RmBZwarGVHZQvtzfEBOreNuxEMKFcd5DaDn2PbBxfwLcj4+aenoh7ctXcbXmOQIn8HI6mCSw5MQ==

"@esbuild/linux-arm64@0.18.20":
  version "0.18.20"
  resolved "https://registry.yarnpkg.com/@esbuild/linux-arm64/-/linux-arm64-0.18.20.tgz#bad4238bd8f4fc25b5a021280c770ab5fc3a02a0"
  integrity sha512-2YbscF+UL7SQAVIpnWvYwM+3LskyDmPhe31pE7/aoTMFKKzIc9lLbyGUpmmb8a8AixOL61sQ/mFh3jEjHYFvdA==

"@esbuild/linux-arm@0.18.20":
  version "0.18.20"
  resolved "https://registry.yarnpkg.com/@esbuild/linux-arm/-/linux-arm-0.18.20.tgz#3e617c61f33508a27150ee417543c8ab5acc73b0"
  integrity sha512-/5bHkMWnq1EgKr1V+Ybz3s1hWXok7mDFUMQ4cG10AfW3wL02PSZi5kFpYKrptDsgb2WAJIvRcDm+qIvXf/apvg==

"@esbuild/linux-ia32@0.18.20":
  version "0.18.20"
  resolved "https://registry.yarnpkg.com/@esbuild/linux-ia32/-/linux-ia32-0.18.20.tgz#699391cccba9aee6019b7f9892eb99219f1570a7"
  integrity sha512-P4etWwq6IsReT0E1KHU40bOnzMHoH73aXp96Fs8TIT6z9Hu8G6+0SHSw9i2isWrD2nbx2qo5yUqACgdfVGx7TA==

"@esbuild/linux-loong64@0.18.20":
  version "0.18.20"
  resolved "https://registry.yarnpkg.com/@esbuild/linux-loong64/-/linux-loong64-0.18.20.tgz#e6fccb7aac178dd2ffb9860465ac89d7f23b977d"
  integrity sha512-nXW8nqBTrOpDLPgPY9uV+/1DjxoQ7DoB2N8eocyq8I9XuqJ7BiAMDMf9n1xZM9TgW0J8zrquIb/A7s3BJv7rjg==

"@esbuild/linux-mips64el@0.18.20":
  version "0.18.20"
  resolved "https://registry.yarnpkg.com/@esbuild/linux-mips64el/-/linux-mips64el-0.18.20.tgz#eeff3a937de9c2310de30622a957ad1bd9183231"
  integrity sha512-d5NeaXZcHp8PzYy5VnXV3VSd2D328Zb+9dEq5HE6bw6+N86JVPExrA6O68OPwobntbNJ0pzCpUFZTo3w0GyetQ==

"@esbuild/linux-ppc64@0.18.20":
  version "0.18.20"
  resolved "https://registry.yarnpkg.com/@esbuild/linux-ppc64/-/linux-ppc64-0.18.20.tgz#2f7156bde20b01527993e6881435ad79ba9599fb"
  integrity sha512-WHPyeScRNcmANnLQkq6AfyXRFr5D6N2sKgkFo2FqguP44Nw2eyDlbTdZwd9GYk98DZG9QItIiTlFLHJHjxP3FA==

"@esbuild/linux-riscv64@0.18.20":
  version "0.18.20"
  resolved "https://registry.yarnpkg.com/@esbuild/linux-riscv64/-/linux-riscv64-0.18.20.tgz#6628389f210123d8b4743045af8caa7d4ddfc7a6"
  integrity sha512-WSxo6h5ecI5XH34KC7w5veNnKkju3zBRLEQNY7mv5mtBmrP/MjNBCAlsM2u5hDBlS3NGcTQpoBvRzqBcRtpq1A==

"@esbuild/linux-s390x@0.18.20":
  version "0.18.20"
  resolved "https://registry.yarnpkg.com/@esbuild/linux-s390x/-/linux-s390x-0.18.20.tgz#255e81fb289b101026131858ab99fba63dcf0071"
  integrity sha512-+8231GMs3mAEth6Ja1iK0a1sQ3ohfcpzpRLH8uuc5/KVDFneH6jtAJLFGafpzpMRO6DzJ6AvXKze9LfFMrIHVQ==

"@esbuild/linux-x64@0.18.20":
  version "0.18.20"
  resolved "https://registry.yarnpkg.com/@esbuild/linux-x64/-/linux-x64-0.18.20.tgz#c7690b3417af318a9b6f96df3031a8865176d338"
  integrity sha512-UYqiqemphJcNsFEskc73jQ7B9jgwjWrSayxawS6UVFZGWrAAtkzjxSqnoclCXxWtfwLdzU+vTpcNYhpn43uP1w==

"@esbuild/netbsd-x64@0.18.20":
  version "0.18.20"
  resolved "https://registry.yarnpkg.com/@esbuild/netbsd-x64/-/netbsd-x64-0.18.20.tgz#30e8cd8a3dded63975e2df2438ca109601ebe0d1"
  integrity sha512-iO1c++VP6xUBUmltHZoMtCUdPlnPGdBom6IrO4gyKPFFVBKioIImVooR5I83nTew5UOYrk3gIJhbZh8X44y06A==

"@esbuild/openbsd-x64@0.18.20":
  version "0.18.20"
  resolved "https://registry.yarnpkg.com/@esbuild/openbsd-x64/-/openbsd-x64-0.18.20.tgz#7812af31b205055874c8082ea9cf9ab0da6217ae"
  integrity sha512-e5e4YSsuQfX4cxcygw/UCPIEP6wbIL+se3sxPdCiMbFLBWu0eiZOJ7WoD+ptCLrmjZBK1Wk7I6D/I3NglUGOxg==

"@esbuild/sunos-x64@0.18.20":
  version "0.18.20"
  resolved "https://registry.yarnpkg.com/@esbuild/sunos-x64/-/sunos-x64-0.18.20.tgz#d5c275c3b4e73c9b0ecd38d1ca62c020f887ab9d"
  integrity sha512-kDbFRFp0YpTQVVrqUd5FTYmWo45zGaXe0X8E1G/LKFC0v8x0vWrhOWSLITcCn63lmZIxfOMXtCfti/RxN/0wnQ==

"@esbuild/win32-arm64@0.18.20":
  version "0.18.20"
  resolved "https://registry.yarnpkg.com/@esbuild/win32-arm64/-/win32-arm64-0.18.20.tgz#73bc7f5a9f8a77805f357fab97f290d0e4820ac9"
  integrity sha512-ddYFR6ItYgoaq4v4JmQQaAI5s7npztfV4Ag6NrhiaW0RrnOXqBkgwZLofVTlq1daVTQNhtI5oieTvkRPfZrePg==

"@esbuild/win32-ia32@0.18.20":
  version "0.18.20"
  resolved "https://registry.yarnpkg.com/@esbuild/win32-ia32/-/win32-ia32-0.18.20.tgz#ec93cbf0ef1085cc12e71e0d661d20569ff42102"
  integrity sha512-Wv7QBi3ID/rROT08SABTS7eV4hX26sVduqDOTe1MvGMjNd3EjOz4b7zeexIR62GTIEKrfJXKL9LFxTYgkyeu7g==

"@esbuild/win32-x64@0.18.20":
  version "0.18.20"
  resolved "https://registry.yarnpkg.com/@esbuild/win32-x64/-/win32-x64-0.18.20.tgz#786c5f41f043b07afb1af37683d7c33668858f6d"
  integrity sha512-kTdfRcSiDfQca/y9QIkng02avJ+NCaQvrMejlsB3RRv5sE9rRoeBPISaZpKxHELzRxZyLvNts1P27W3wV+8geQ==

"@jridgewell/sourcemap-codec@^1.4.15":
  version "1.4.15"
  resolved "https://registry.yarnpkg.com/@jridgewell/sourcemap-codec/-/sourcemap-codec-1.4.15.tgz#d7c6e6755c78567a951e04ab52ef0fd26de59f32"
  integrity sha512-eF2rxCRulEKXHTRiDrDy6erMYWqNw4LPdQ8UQA4huuxaQsVeRPFl2oM8oDGxMFhJUWZf9McpLtJasDDZb/Bpeg==

"@leafer-ui/app@1.0.0-beta.10":
  version "1.0.0-beta.10"
  resolved "https://registry.yarnpkg.com/@leafer-ui/app/-/app-1.0.0-beta.10.tgz#6ca24d5836c64c7b082e8d77f62007a96b06ca36"
  integrity sha512-4+NyJmCQvcPeDILds1q3jI5bQwciZzEn62QYF7pk4QPR6NLRHWhLFl7uoFvs1H8T1E1E8qbSTeeseB1fonFcXg==
  dependencies:
    "@leafer-ui/data" "1.0.0-beta.10"
    "@leafer-ui/display" "1.0.0-beta.10"
    "@leafer-ui/type" "1.0.0-beta.10"
    "@leafer/core" "1.0.0-beta.10"

"@leafer-ui/bounds@1.0.0-beta.10":
  version "1.0.0-beta.10"
  resolved "https://registry.yarnpkg.com/@leafer-ui/bounds/-/bounds-1.0.0-beta.10.tgz#37c2318eb3a2ac873062e9fb130c82fce9501ee9"
  integrity sha512-sbgHRYWuq7/L+VK2WN/bzi04sd3+X8oD9sDTyCTQIx3QiER5aUx+sN84mboNPvh0Mx4H6/lpsR9tWsyFV4NONA==
  dependencies:
    "@leafer/core" "1.0.0-beta.10"

"@leafer-ui/color@1.0.0-beta.10":
  version "1.0.0-beta.10"
  resolved "https://registry.yarnpkg.com/@leafer-ui/color/-/color-1.0.0-beta.10.tgz#887fb4c7af288376dabbca0f8f7e9cd7617fcc93"
  integrity sha512-0qEDUUxcsr8Bnjjuq8SgU2cCAz4H3N9yf9XjoS8CX+dg1MGqOgnr0bObJAzBO0C5Jl1MttYi4hnWlrZwljShbw==

"@leafer-ui/core@1.0.0-beta.10":
  version "1.0.0-beta.10"
  resolved "https://registry.yarnpkg.com/@leafer-ui/core/-/core-1.0.0-beta.10.tgz#690f986e50f8997431ef72f19d19a1f73186c74b"
  integrity sha512-sYCbBT7xUXAzSyYfZOgBwS2w+0rtCClZ5/bGVsY5HPvbBztmETYZidEQlW7TPpB9bj5DK9qe+fgLLGz7cXmgww==
  dependencies:
    "@leafer-ui/app" "1.0.0-beta.10"
    "@leafer-ui/decorator" "1.0.0-beta.10"
    "@leafer-ui/display" "1.0.0-beta.10"
    "@leafer-ui/display-module" "1.0.0-beta.10"
    "@leafer-ui/external" "1.0.0-beta.10"
    "@leafer-ui/type" "1.0.0-beta.10"

"@leafer-ui/data@1.0.0-beta.10":
  version "1.0.0-beta.10"
  resolved "https://registry.yarnpkg.com/@leafer-ui/data/-/data-1.0.0-beta.10.tgz#2fe90e70e0e4ff059ad25f0e180c47cfd862cde6"
  integrity sha512-brxdPrhcMDUD3eIgq55Wk+gAUb4ZzHZgNQsa+7RCI1B6LULqDjYSrB8Io4LDbfT8y6cbyvudbmBJ+28wmLWjFg==
  dependencies:
    "@leafer/core" "1.0.0-beta.10"

"@leafer-ui/decorator@1.0.0-beta.10":
  version "1.0.0-beta.10"
  resolved "https://registry.yarnpkg.com/@leafer-ui/decorator/-/decorator-1.0.0-beta.10.tgz#b0c03eedd48096d952743739f8385ffb69485fda"
  integrity sha512-b/JEf33/ziYx2afWh6P2wGszprH+jdfi9N8OONOE5pko70juQbZ5qD/TS6a5gkcE39YCxgRLZ5e9IVQukdJQXg==
  dependencies:
    "@leafer/core" "1.0.0-beta.10"

"@leafer-ui/display-module@1.0.0-beta.10":
  version "1.0.0-beta.10"
  resolved "https://registry.yarnpkg.com/@leafer-ui/display-module/-/display-module-1.0.0-beta.10.tgz#9e0f6e6f0b5fab89c41a10136d3a14a986bce981"
  integrity sha512-5mGQgqAssU3AkynYbiU/22MyTbLBiIwXUDO5H7HcD3r7bb8tKTZv2Q+Qe0UEsRMrN2t/IgtaV4cdeHJykl64Vw==
  dependencies:
    "@leafer-ui/bounds" "1.0.0-beta.10"
    "@leafer-ui/hit" "1.0.0-beta.10"
    "@leafer-ui/render" "1.0.0-beta.10"

"@leafer-ui/display@1.0.0-beta.10":
  version "1.0.0-beta.10"
  resolved "https://registry.yarnpkg.com/@leafer-ui/display/-/display-1.0.0-beta.10.tgz#baed648e95893e579bc77b47c61895363b793334"
  integrity sha512-qlY1WlIF4Rf7l6uR1ShIOGdcpfxpIC36SSRs9qPQUfn5B0zyza7aaaSvbJemU/05XrfZcj1c3M/jiLqq38HMjA==
  dependencies:
    "@leafer-ui/data" "1.0.0-beta.10"
    "@leafer-ui/decorator" "1.0.0-beta.10"
    "@leafer-ui/display-module" "1.0.0-beta.10"
    "@leafer-ui/text" "1.0.0-beta.10"
    "@leafer/core" "1.0.0-beta.10"

"@leafer-ui/effect@1.0.0-beta.10":
  version "1.0.0-beta.10"
  resolved "https://registry.yarnpkg.com/@leafer-ui/effect/-/effect-1.0.0-beta.10.tgz#ef801c7f759f2519413f8dbb4e509331145f9bf1"
  integrity sha512-VlcNeat69Vek9wWzxSahNK6MsVgq9Dtza03hkT7zgA/BMCrY951wKBGMS0fs9tkHg/t+TZRa454M5ZiVwP3GvA==

"@leafer-ui/external@1.0.0-beta.10":
  version "1.0.0-beta.10"
  resolved "https://registry.yarnpkg.com/@leafer-ui/external/-/external-1.0.0-beta.10.tgz#f024a2201071f1bfe4ef8eaae18ed3d92e776cc1"
  integrity sha512-9L0KJMOMfcrBsF4bajlRHi/B6vvjsUPw6IggC85+wvf439bQSVXCcUFglzbBM2JGJ3Vc20v1TndO9VtCxBJnTg==
  dependencies:
    "@leafer-ui/effect" "1.0.0-beta.10"
    "@leafer-ui/paint" "1.0.0-beta.10"

"@leafer-ui/hit@1.0.0-beta.10":
  version "1.0.0-beta.10"
  resolved "https://registry.yarnpkg.com/@leafer-ui/hit/-/hit-1.0.0-beta.10.tgz#caac9b428d9f8ea6a446635677b89d646ca47984"
  integrity sha512-7VmfsDPsXqzJdVbzev+3tgm1HMvs+OLR1PnqmBK2EZqOv83JUkMDXlKres+4m0WzIGpwy9A3q45EJfBh871/Iw==

"@leafer-ui/interface@1.0.0-beta.10":
  version "1.0.0-beta.10"
  resolved "https://registry.yarnpkg.com/@leafer-ui/interface/-/interface-1.0.0-beta.10.tgz#10e350103f94cbcdf555f84f0d1d14f1e8a2cb5f"
  integrity sha512-f4mFLQEKGqWUqi5mGfU8+Ntms6/Rb8tUPucWfMYHTDZoyMoX+TnVGy/BYpmeLaV7YAE11H89Mh+tAcJepxYgfA==
  dependencies:
    "@leafer/interface" "1.0.0-beta.10"

"@leafer-ui/paint@1.0.0-beta.10":
  version "1.0.0-beta.10"
  resolved "https://registry.yarnpkg.com/@leafer-ui/paint/-/paint-1.0.0-beta.10.tgz#5ce8d1fdf1e2ef801419e7dc98f0d4bfc43e4065"
  integrity sha512-r5TFv3X+7E5nFw6447LfDw2TxTFBd7cUsom0c/EZ5g+/a5YwIFlGKObn5/111MGhM5eDNdtFwMXFvmbg3TMcvg==
  dependencies:
    "@leafer-ui/color" "1.0.0-beta.10"
    "@leafer/core" "1.0.0-beta.10"

"@leafer-ui/render@1.0.0-beta.10":
  version "1.0.0-beta.10"
  resolved "https://registry.yarnpkg.com/@leafer-ui/render/-/render-1.0.0-beta.10.tgz#68b37015667f5729b790c4d94ad9b94014d64a23"
  integrity sha512-C30Pz2lxgXzudy4n0x90jT1n7L47alM6pPG157F/eIQH4Wd3lfI46NNanfLguBORwONOrl715tTP1qNGwNeEiA==
  dependencies:
    "@leafer-ui/external" "1.0.0-beta.10"

"@leafer-ui/text@1.0.0-beta.10":
  version "1.0.0-beta.10"
  resolved "https://registry.yarnpkg.com/@leafer-ui/text/-/text-1.0.0-beta.10.tgz#5af79fa96b0a39389d0b1d9781104fcdd7d02282"
  integrity sha512-9h9Ai7nNWZmfO7kYeV7NGIb1Dm6AUdQ4L/jpLHI1UVSXaL6LwE4C+BmHIZLJnED+hG9p3hx8ZHZI6xG1Gjxhuw==
  dependencies:
    "@leafer-ui/core" "1.0.0-beta.10"

"@leafer-ui/type@1.0.0-beta.10":
  version "1.0.0-beta.10"
  resolved "https://registry.yarnpkg.com/@leafer-ui/type/-/type-1.0.0-beta.10.tgz#5a1bf87ea12acd05f333b5e09439df6fa3e669d5"
  integrity sha512-zwJyrOsOu+HOCGX0lPB6ULmR8qWfgVISYAaiN8CzisMTGhsAgk1+Tpwdbfo/0euvr4qyXmjy/fXSVj617pChRg==
  dependencies:
    "@leafer-ui/core" "1.0.0-beta.10"

"@leafer-ui/web@1.0.0-beta.10":
  version "1.0.0-beta.10"
  resolved "https://registry.yarnpkg.com/@leafer-ui/web/-/web-1.0.0-beta.10.tgz#1cc9c9c660bc8aa55b97cf95a1ee5582ba0374e9"
  integrity sha512-OgbjZDo5uThfHOsYURg9QwanuSauplml2Do6P/d3NSEdnzsKo9DpqiW9l9byKJO5oWLY6okUdhpWMYfv9FN94A==
  dependencies:
    "@leafer-ui/core" "1.0.0-beta.10"
    "@leafer/web" "1.0.0-beta.10"

"@leafer/canvas-web@1.0.0-beta.10":
  version "1.0.0-beta.10"
  resolved "https://registry.yarnpkg.com/@leafer/canvas-web/-/canvas-web-1.0.0-beta.10.tgz#3d829771be33cb37680cd9f5230be20d5cfb265e"
  integrity sha512-V4hWhSyId0FHoXWEf2R4GOiEVToAU6VEKSaYDBhim2IFABCBJGjjDsdOVWFW2f6Hl2VUGTwEmeS6vcoqDldcaQ==
  dependencies:
    "@leafer/canvas" "1.0.0-beta.10"
    "@leafer/data" "1.0.0-beta.10"
    "@leafer/debug" "1.0.0-beta.10"
    "@leafer/event" "1.0.0-beta.10"
    "@leafer/math" "1.0.0-beta.10"
    "@leafer/platform" "1.0.0-beta.10"

"@leafer/canvas@1.0.0-beta.10":
  version "1.0.0-beta.10"
  resolved "https://registry.yarnpkg.com/@leafer/canvas/-/canvas-1.0.0-beta.10.tgz#45b927e85759f21873682ce93689482dc9f91bc0"
  integrity sha512-YF8wOpC09o7HieMa/zBsytKscxhTQFS6VVURe4MsWlSnJu0WRWsO5KPQaVh84QhBvjbHIQ5x6DGIYHf6UZHIjw==
  dependencies:
    "@leafer/data" "1.0.0-beta.10"
    "@leafer/debug" "1.0.0-beta.10"
    "@leafer/file" "1.0.0-beta.10"
    "@leafer/list" "1.0.0-beta.10"
    "@leafer/math" "1.0.0-beta.10"
    "@leafer/path" "1.0.0-beta.10"
    "@leafer/platform" "1.0.0-beta.10"

"@leafer/core@1.0.0-beta.10":
  version "1.0.0-beta.10"
  resolved "https://registry.yarnpkg.com/@leafer/core/-/core-1.0.0-beta.10.tgz#7fc6dd0ddb3c490bd523e1a8781fc1670d400a2d"
  integrity sha512-/D9S17uR9JFNqtr2jbHoR5g2Bs4dAUMVx3S0xmckdeCGaA5YfOSQtljjqA9RrwtZPS4x++O70AxNJtNopmPJIw==
  dependencies:
    "@leafer/canvas" "1.0.0-beta.10"
    "@leafer/data" "1.0.0-beta.10"
    "@leafer/debug" "1.0.0-beta.10"
    "@leafer/decorator" "1.0.0-beta.10"
    "@leafer/display" "1.0.0-beta.10"
    "@leafer/display-module" "1.0.0-beta.10"
    "@leafer/event" "1.0.0-beta.10"
    "@leafer/event-ui" "1.0.0-beta.10"
    "@leafer/file" "1.0.0-beta.10"
    "@leafer/helper" "1.0.0-beta.10"
    "@leafer/image" "1.0.0-beta.10"
    "@leafer/list" "1.0.0-beta.10"
    "@leafer/math" "1.0.0-beta.10"
    "@leafer/path" "1.0.0-beta.10"
    "@leafer/platform" "1.0.0-beta.10"
    "@leafer/plugin" "1.0.0-beta.10"
    "@leafer/task" "1.0.0-beta.10"

"@leafer/data@1.0.0-beta.10":
  version "1.0.0-beta.10"
  resolved "https://registry.yarnpkg.com/@leafer/data/-/data-1.0.0-beta.10.tgz#8c5522af3b355a4135f57f1244cf1ba5943e16dc"
  integrity sha512-EGYdiI2hGaTAhA/u7/CjFisIadzZgGVodi5tKw/1/E/eCTRSHsdZXKQkBfqlCFlgEd4EyhTMrskE1YbdryWV5w==

"@leafer/debug@1.0.0-beta.10":
  version "1.0.0-beta.10"
  resolved "https://registry.yarnpkg.com/@leafer/debug/-/debug-1.0.0-beta.10.tgz#d86212f2a984d967a4697677c408067b589e62f7"
  integrity sha512-TUDQ9FSxiixh9Ulf20sH3sCDqzcdCuaN24ezY3+9JIjTRMOfppzpZrXgR71LLWT0bf3tAt2RNE1qsF5HEPwBLA==
  dependencies:
    "@leafer/math" "1.0.0-beta.10"

"@leafer/decorator@1.0.0-beta.10":
  version "1.0.0-beta.10"
  resolved "https://registry.yarnpkg.com/@leafer/decorator/-/decorator-1.0.0-beta.10.tgz#10d06452b606efacfc04132405e54bb14463448f"
  integrity sha512-02S+hibp4uPuC44uWCMOQwHWPDRqLptHiFgKnzdr7/UPmqc7m4iRsK+fHf250XyCN/ayPRRbsAgCGVdv8CCSuw==
  dependencies:
    "@leafer/debug" "1.0.0-beta.10"
    "@leafer/platform" "1.0.0-beta.10"

"@leafer/display-module@1.0.0-beta.10":
  version "1.0.0-beta.10"
  resolved "https://registry.yarnpkg.com/@leafer/display-module/-/display-module-1.0.0-beta.10.tgz#1b9d82d675f219cae80223c86200a59631f5d3d1"
  integrity sha512-YfYBs6+m4Iegfj3BhxNgx3zU9kSQwD8tylZrGnWAHit9eMVeX6aAZQY+Uom5jn9J6PuVdmhwNBLuW0rm4K8eBg==
  dependencies:
    "@leafer/event" "1.0.0-beta.10"
    "@leafer/math" "1.0.0-beta.10"

"@leafer/display@1.0.0-beta.10":
  version "1.0.0-beta.10"
  resolved "https://registry.yarnpkg.com/@leafer/display/-/display-1.0.0-beta.10.tgz#75bc0dd2e8876b145b79954aa3345d2fbf274ff0"
  integrity sha512-Q8p5my0rSX5K96QJs2WFtE1MOb1W+LiGXG3U12UwzPDsIat8RfN6lB8o+yXP22qFKlDvfKOl3xmju/bMTTY2qQ==
  dependencies:
    "@leafer/data" "1.0.0-beta.10"
    "@leafer/decorator" "1.0.0-beta.10"
    "@leafer/display-module" "1.0.0-beta.10"
    "@leafer/event" "1.0.0-beta.10"
    "@leafer/helper" "1.0.0-beta.10"
    "@leafer/layout" "1.0.0-beta.10"
    "@leafer/math" "1.0.0-beta.10"

"@leafer/event-ui@1.0.0-beta.10":
  version "1.0.0-beta.10"
  resolved "https://registry.yarnpkg.com/@leafer/event-ui/-/event-ui-1.0.0-beta.10.tgz#29f70a92ebd8f31a528fd32775982234aa19b413"
  integrity sha512-B1JGp6RGjK+Lg2qBy6vrJK0/1//GVd3tTJNB5mRD5LioMk9bebj67rthPEQfYGJvOqZ5RL42q8Ksr4yBN0Ltmg==
  dependencies:
    "@leafer/decorator" "1.0.0-beta.10"
    "@leafer/event" "1.0.0-beta.10"
    "@leafer/list" "1.0.0-beta.10"

"@leafer/event@1.0.0-beta.10":
  version "1.0.0-beta.10"
  resolved "https://registry.yarnpkg.com/@leafer/event/-/event-1.0.0-beta.10.tgz#102452a6b0498dc06bcb2acdf0a23bb55299d96e"
  integrity sha512-4m4ihbLeindv1mof9vd04i44KkdPPTLwMr6tpv6AHydvWjU9g4htzK3HdUebvjV5TGcZ6NbILtNeRY7QHoVNRg==
  dependencies:
    "@leafer/decorator" "1.0.0-beta.10"

"@leafer/file@1.0.0-beta.10":
  version "1.0.0-beta.10"
  resolved "https://registry.yarnpkg.com/@leafer/file/-/file-1.0.0-beta.10.tgz#ba2a79fd09ef08f9fd37a89a848733e59a073ba7"
  integrity sha512-ESNWU0R0A3PjqtGHkYPeumTGuardl+kvsCB4Xmk1r/3QLAibXIHhLWqcDes9KdsKg/CkhV2M/z6sjaXG6tZt3A==
  dependencies:
    "@leafer/debug" "1.0.0-beta.10"

"@leafer/helper@1.0.0-beta.10":
  version "1.0.0-beta.10"
  resolved "https://registry.yarnpkg.com/@leafer/helper/-/helper-1.0.0-beta.10.tgz#c39e2165ea34501a7880f3676320b3d48039c2c3"
  integrity sha512-JYk/rgl6YtKjYu8ypZZkw/bEIdAvdFNH/pbMBAs7jHfxsgPrAHCDINuaUiqkISy75jY1ko2SAhlXPjh+qpkEIg==
  dependencies:
    "@leafer/math" "1.0.0-beta.10"

"@leafer/image-web@1.0.0-beta.10":
  version "1.0.0-beta.10"
  resolved "https://registry.yarnpkg.com/@leafer/image-web/-/image-web-1.0.0-beta.10.tgz#c35606f2e1b8fafd38247bcaa6d314465ea3ba60"
  integrity sha512-8otqGt9bVzCx6uAQDXpOJNdVF5CUYbiG68z9aSp9xpfIA1DfIxlswuHNIlUrf2tuxSWdUdfGqxsI3XJ78SHqag==
  dependencies:
    "@leafer/image" "1.0.0-beta.10"

"@leafer/image@1.0.0-beta.10":
  version "1.0.0-beta.10"
  resolved "https://registry.yarnpkg.com/@leafer/image/-/image-1.0.0-beta.10.tgz#d8e66102ad132034aebbb037f5cf6b0946345732"
  integrity sha512-HDz2c+kU84lCtz9KBigDA0Bu5iZIjt4QKU9fIPblFexHC01UCr6F5nws/jT3Kj16sjMoF9NfeF0v0yAdEGQV8g==
  dependencies:
    "@leafer/platform" "1.0.0-beta.10"
    "@leafer/task" "1.0.0-beta.10"

"@leafer/interaction-web@1.0.0-beta.10":
  version "1.0.0-beta.10"
  resolved "https://registry.yarnpkg.com/@leafer/interaction-web/-/interaction-web-1.0.0-beta.10.tgz#a0a5ec1b142d3f5548f4a142541076894b24f949"
  integrity sha512-hWPGXT600/+ilym+rwQqLmbr5PTBOSi9TN6kP+SXzY6AUhtASHdqfb4Dy8YFRBLtMNiZQIUzwmrr2LYn3sA7Xg==
  dependencies:
    "@leafer/event-ui" "1.0.0-beta.10"
    "@leafer/interaction" "1.0.0-beta.10"
    "@leafer/math" "1.0.0-beta.10"

"@leafer/interaction@1.0.0-beta.10":
  version "1.0.0-beta.10"
  resolved "https://registry.yarnpkg.com/@leafer/interaction/-/interaction-1.0.0-beta.10.tgz#bf0a837396ce18255a80038c8e723ee59ceaddb9"
  integrity sha512-rxWhqTkZ2UEZI5NMWeqr1ik8g+qH2Pp4ALAdfh0yZ42vjIjawk7UxtIvtOMMt5G2XBbU5+37tZPqkrHD+K4LNw==
  dependencies:
    "@leafer/data" "1.0.0-beta.10"
    "@leafer/event" "1.0.0-beta.10"
    "@leafer/event-ui" "1.0.0-beta.10"
    "@leafer/helper" "1.0.0-beta.10"
    "@leafer/list" "1.0.0-beta.10"
    "@leafer/math" "1.0.0-beta.10"
    "@leafer/platform" "1.0.0-beta.10"

"@leafer/interface@1.0.0-beta.10":
  version "1.0.0-beta.10"
  resolved "https://registry.yarnpkg.com/@leafer/interface/-/interface-1.0.0-beta.10.tgz#9d8530bc3be20bd7a5df7973137ae431556ecd3c"
  integrity sha512-SId+/FJosTb+xoVdO6v/1UEc0IpsWgtjtfy508OCvdfVczmFMminl74J3yTZCqTbPI4rFJS4LYgO4yjveLOCZw==

"@leafer/layout@1.0.0-beta.10":
  version "1.0.0-beta.10"
  resolved "https://registry.yarnpkg.com/@leafer/layout/-/layout-1.0.0-beta.10.tgz#93d437f8c765c33388ca90622cfd6cdca7fbff06"
  integrity sha512-u8RwnnvN0VVc9453QVcCZ0/mtyCJ3wPDf65i01VU22HTopL2q16Rmj2DrHyo5M85Kn1dwiM30HaZtuNnnkHaCg==
  dependencies:
    "@leafer/math" "1.0.0-beta.10"
    "@leafer/platform" "1.0.0-beta.10"

"@leafer/layouter@1.0.0-beta.10":
  version "1.0.0-beta.10"
  resolved "https://registry.yarnpkg.com/@leafer/layouter/-/layouter-1.0.0-beta.10.tgz#ef89e7b12107523194dbbcc221d4f7dbc3f0b951"
  integrity sha512-1LVuvUP8i87e9IiG5GUcfjg4QBG93RGHHMj7A+Ob+ngm+Mis9NC0crKNSKq+bImb/GLsleKSxB3O14dyJ8cX9Q==
  dependencies:
    "@leafer/data" "1.0.0-beta.10"
    "@leafer/debug" "1.0.0-beta.10"
    "@leafer/event" "1.0.0-beta.10"
    "@leafer/helper" "1.0.0-beta.10"
    "@leafer/list" "1.0.0-beta.10"
    "@leafer/math" "1.0.0-beta.10"

"@leafer/list@1.0.0-beta.10":
  version "1.0.0-beta.10"
  resolved "https://registry.yarnpkg.com/@leafer/list/-/list-1.0.0-beta.10.tgz#9085627d231a4f8d0d1119c910894d586ecb1b18"
  integrity sha512-gkn7JCbGbnp0BQzac8TH554lZvMCxB/eooq5YZPws1aJFD0AYsgfO1+9ca2qLLvfF/Eax4eZvZvQm3yMoNuMGw==

"@leafer/math@1.0.0-beta.10":
  version "1.0.0-beta.10"
  resolved "https://registry.yarnpkg.com/@leafer/math/-/math-1.0.0-beta.10.tgz#e2be643fea3fe5fc44ad300528a0b3182f577cb8"
  integrity sha512-hCUd3fcQJl7NKQmLg3/Jhk32BBJsd1tV7wwNlT6vSQyUwjOSiPmNfD88TNjWsvKfk6DIvmzCxbO1ZqE7NJpZ4w==

"@leafer/partner@1.0.0-beta.10":
  version "1.0.0-beta.10"
  resolved "https://registry.yarnpkg.com/@leafer/partner/-/partner-1.0.0-beta.10.tgz#7dd725c654225839e0ceed825bd74da7bbd95897"
  integrity sha512-sObR8Wrw7QqY91TtbOpV6zCFcpc4gZvGU40yK0NU0ZDaeWPdK8k5oMAvy3SDkS2pvoFPwYv1HvgwERoaIPRM9w==
  dependencies:
    "@leafer/layouter" "1.0.0-beta.10"
    "@leafer/platform" "1.0.0-beta.10"
    "@leafer/renderer" "1.0.0-beta.10"
    "@leafer/selector" "1.0.0-beta.10"
    "@leafer/watcher" "1.0.0-beta.10"

"@leafer/path@1.0.0-beta.10":
  version "1.0.0-beta.10"
  resolved "https://registry.yarnpkg.com/@leafer/path/-/path-1.0.0-beta.10.tgz#eb3898324408415555d612be5324b47a3d52b772"
  integrity sha512-GT1ECB0/ZqNUuoYM2GJLQTLyFJDcowzzTLCaeFQctOPYvcz760pMrPILuc1Pw2P+BqC6vKo4ljHyoDS2HztBlQ==
  dependencies:
    "@leafer/debug" "1.0.0-beta.10"
    "@leafer/math" "1.0.0-beta.10"

"@leafer/platform@1.0.0-beta.10":
  version "1.0.0-beta.10"
  resolved "https://registry.yarnpkg.com/@leafer/platform/-/platform-1.0.0-beta.10.tgz#b98c9088fa0f334b96ab59b29b6c63d951242651"
  integrity sha512-N0Qvkv1bf1w9FpdOCJfa9q2gQCK4Z6jiAOOEiIgRo4qVb3cP3DSM/0puP9KL+seNyL0yTnJuFtWb08yySt4gWA==
  dependencies:
    "@leafer/debug" "1.0.0-beta.10"
    "@leafer/layouter" "1.0.0-beta.10"

"@leafer/plugin@1.0.0-beta.10":
  version "1.0.0-beta.10"
  resolved "https://registry.yarnpkg.com/@leafer/plugin/-/plugin-1.0.0-beta.10.tgz#5f31d5851a0a0d3ee65c7b518ecbb3d1255a4eba"
  integrity sha512-VY5p7T7o+va0YCxttfZ2tJBUhuQUMMtaakXRKm3qIZ0JF0rViC1qsCeJRk8t9j/F1soLyXpE+caFtS4eRbOhwQ==
  dependencies:
    "@leafer/debug" "1.0.0-beta.10"

"@leafer/renderer@1.0.0-beta.10":
  version "1.0.0-beta.10"
  resolved "https://registry.yarnpkg.com/@leafer/renderer/-/renderer-1.0.0-beta.10.tgz#2119555c9458c95b38d9f054a4310d7b4613f554"
  integrity sha512-gswydkmkt0mv1uGJ0rQALkridGnexkkMjEkAnljYzEBFK5Or/Nloure79qaQxquLwItzhCa6qq1ez4UITF4SAg==
  dependencies:
    "@leafer/data" "1.0.0-beta.10"
    "@leafer/debug" "1.0.0-beta.10"
    "@leafer/event" "1.0.0-beta.10"
    "@leafer/image" "1.0.0-beta.10"
    "@leafer/math" "1.0.0-beta.10"
    "@leafer/platform" "1.0.0-beta.10"

"@leafer/selector@1.0.0-beta.10":
  version "1.0.0-beta.10"
  resolved "https://registry.yarnpkg.com/@leafer/selector/-/selector-1.0.0-beta.10.tgz#80ba1f2f980bcf2195a2d1bbf07b7e0c7bf7429c"
  integrity sha512-Hn3AF2oII3xyIAXD9rVNRZxGU8FPVZzMLmy/v6/vfjv1eK7B5uIt40UTsn9Z/0QDN3Bwd6bhf4oA9WiyYwVcGw==
  dependencies:
    "@leafer/event" "1.0.0-beta.10"
    "@leafer/list" "1.0.0-beta.10"
    "@leafer/math" "1.0.0-beta.10"

"@leafer/task@1.0.0-beta.10":
  version "1.0.0-beta.10"
  resolved "https://registry.yarnpkg.com/@leafer/task/-/task-1.0.0-beta.10.tgz#fdb82e4d6231fd9283b04edaac7e27455c084507"
  integrity sha512-aCV0DZJOJ28hTZrWlqzJje9U59+GqMklAmVASupHjk+zVO+KQC/0C0z6f8bcFDlx4psp1bVs6qB4CixPj0OHAQ==
  dependencies:
    "@leafer/debug" "1.0.0-beta.10"
    "@leafer/math" "1.0.0-beta.10"

"@leafer/watcher@1.0.0-beta.10":
  version "1.0.0-beta.10"
  resolved "https://registry.yarnpkg.com/@leafer/watcher/-/watcher-1.0.0-beta.10.tgz#da1461ecc511bf972c753cdf2dc934179f7b6f48"
  integrity sha512-pKTIPgWlNC71vHyOKJBiuFXKOcmylaB9z0ZlfqARk62LOCoYHq7izeClNPp8JlWqx+5mLwSCaWvrOTedgUkb2A==
  dependencies:
    "@leafer/data" "1.0.0-beta.10"
    "@leafer/event" "1.0.0-beta.10"
    "@leafer/list" "1.0.0-beta.10"

"@leafer/web@1.0.0-beta.10":
  version "1.0.0-beta.10"
  resolved "https://registry.yarnpkg.com/@leafer/web/-/web-1.0.0-beta.10.tgz#094487c27609326a93890368ebc22f72190e9b38"
  integrity sha512-Mg68AYhWRsVtFraRvnd0NKbZHNTEyJQTZhcOanwK5aESjGK5TfxNy0r1yOKOKRBGjLa2dL92BkXFbAR1lqqQHA==
  dependencies:
    "@leafer/canvas-web" "1.0.0-beta.10"
    "@leafer/core" "1.0.0-beta.10"
    "@leafer/image-web" "1.0.0-beta.10"
    "@leafer/interaction-web" "1.0.0-beta.10"
    "@leafer/partner" "1.0.0-beta.10"

"@vitejs/plugin-vue@^4.2.3":
  version "4.3.3"
  resolved "https://registry.yarnpkg.com/@vitejs/plugin-vue/-/plugin-vue-4.3.3.tgz#3b2337f64495f95cfea5b1497d2d3f4a0b3382b2"
  integrity sha512-ssxyhIAZqB0TrpUg6R0cBpCuMk9jTIlO1GNSKKQD6S8VjnXi6JXKfUXjSsxey9IwQiaRGsO1WnW9Rkl1L6AJVw==

"@volar/language-core@1.10.1", "@volar/language-core@~1.10.0":
  version "1.10.1"
  resolved "https://registry.yarnpkg.com/@volar/language-core/-/language-core-1.10.1.tgz#76789c5b0c214eeff8add29cbff0333d89b6fc4a"
  integrity sha512-JnsM1mIPdfGPxmoOcK1c7HYAsL6YOv0TCJ4aW3AXPZN/Jb4R77epDyMZIVudSGjWMbvv/JfUa+rQ+dGKTmgwBA==
  dependencies:
    "@volar/source-map" "1.10.1"

"@volar/source-map@1.10.1", "@volar/source-map@~1.10.0":
  version "1.10.1"
  resolved "https://registry.yarnpkg.com/@volar/source-map/-/source-map-1.10.1.tgz#b806845782cc615f2beba94624ff34a700f302f5"
  integrity sha512-3/S6KQbqa7pGC8CxPrg69qHLpOvkiPHGJtWPkI/1AXCsktkJ6gIk/5z4hyuMp8Anvs6eS/Kvp/GZa3ut3votKA==
  dependencies:
    muggle-string "^0.3.1"

"@volar/typescript@~1.10.0":
  version "1.10.1"
  resolved "https://registry.yarnpkg.com/@volar/typescript/-/typescript-1.10.1.tgz#b20341c1cc5785b4de0669ea645e1619c97a4764"
  integrity sha512-+iiO9yUSRHIYjlteT+QcdRq8b44qH19/eiUZtjNtuh6D9ailYM7DVR0zO2sEgJlvCaunw/CF9Ov2KooQBpR4VQ==
  dependencies:
    "@volar/language-core" "1.10.1"

"@vue/compiler-core@3.3.4":
  version "3.3.4"
  resolved "https://registry.yarnpkg.com/@vue/compiler-core/-/compiler-core-3.3.4.tgz#7fbf591c1c19e1acd28ffd284526e98b4f581128"
  integrity sha512-cquyDNvZ6jTbf/+x+AgM2Arrp6G4Dzbb0R64jiG804HRMfRiFXWI6kqUVqZ6ZR0bQhIoQjB4+2bhNtVwndW15g==
  dependencies:
    "@babel/parser" "^7.21.3"
    "@vue/shared" "3.3.4"
    estree-walker "^2.0.2"
    source-map-js "^1.0.2"

"@vue/compiler-dom@3.3.4", "@vue/compiler-dom@^3.3.0":
  version "3.3.4"
  resolved "https://registry.yarnpkg.com/@vue/compiler-dom/-/compiler-dom-3.3.4.tgz#f56e09b5f4d7dc350f981784de9713d823341151"
  integrity sha512-wyM+OjOVpuUukIq6p5+nwHYtj9cFroz9cwkfmP9O1nzH68BenTTv0u7/ndggT8cIQlnBeOo6sUT/gvHcIkLA5w==
  dependencies:
    "@vue/compiler-core" "3.3.4"
    "@vue/shared" "3.3.4"

"@vue/compiler-sfc@3.3.4":
  version "3.3.4"
  resolved "https://registry.yarnpkg.com/@vue/compiler-sfc/-/compiler-sfc-3.3.4.tgz#b19d942c71938893535b46226d602720593001df"
  integrity sha512-6y/d8uw+5TkCuzBkgLS0v3lSM3hJDntFEiUORM11pQ/hKvkhSKZrXW6i69UyXlJQisJxuUEJKAWEqWbWsLeNKQ==
  dependencies:
    "@babel/parser" "^7.20.15"
    "@vue/compiler-core" "3.3.4"
    "@vue/compiler-dom" "3.3.4"
    "@vue/compiler-ssr" "3.3.4"
    "@vue/reactivity-transform" "3.3.4"
    "@vue/shared" "3.3.4"
    estree-walker "^2.0.2"
    magic-string "^0.30.0"
    postcss "^8.1.10"
    source-map-js "^1.0.2"

"@vue/compiler-ssr@3.3.4":
  version "3.3.4"
  resolved "https://registry.yarnpkg.com/@vue/compiler-ssr/-/compiler-ssr-3.3.4.tgz#9d1379abffa4f2b0cd844174ceec4a9721138777"
  integrity sha512-m0v6oKpup2nMSehwA6Uuu+j+wEwcy7QmwMkVNVfrV9P2qE5KshC6RwOCq8fjGS/Eak/uNb8AaWekfiXxbBB6gQ==
  dependencies:
    "@vue/compiler-dom" "3.3.4"
    "@vue/shared" "3.3.4"

"@vue/language-core@1.8.8":
  version "1.8.8"
  resolved "https://registry.yarnpkg.com/@vue/language-core/-/language-core-1.8.8.tgz#5a8aa8363f4dfacdfcd7808a9926744d7c310ae6"
  integrity sha512-i4KMTuPazf48yMdYoebTkgSOJdFraE4pQf0B+FTOFkbB+6hAfjrSou/UmYWRsWyZV6r4Rc6DDZdI39CJwL0rWw==
  dependencies:
    "@volar/language-core" "~1.10.0"
    "@volar/source-map" "~1.10.0"
    "@vue/compiler-dom" "^3.3.0"
    "@vue/reactivity" "^3.3.0"
    "@vue/shared" "^3.3.0"
    minimatch "^9.0.0"
    muggle-string "^0.3.1"
    vue-template-compiler "^2.7.14"

"@vue/reactivity-transform@3.3.4":
  version "3.3.4"
  resolved "https://registry.yarnpkg.com/@vue/reactivity-transform/-/reactivity-transform-3.3.4.tgz#52908476e34d6a65c6c21cd2722d41ed8ae51929"
  integrity sha512-MXgwjako4nu5WFLAjpBnCj/ieqcjE2aJBINUNQzkZQfzIZA4xn+0fV1tIYBJvvva3N3OvKGofRLvQIwEQPpaXw==
  dependencies:
    "@babel/parser" "^7.20.15"
    "@vue/compiler-core" "3.3.4"
    "@vue/shared" "3.3.4"
    estree-walker "^2.0.2"
    magic-string "^0.30.0"

"@vue/reactivity@3.3.4", "@vue/reactivity@^3.3.0":
  version "3.3.4"
  resolved "https://registry.yarnpkg.com/@vue/reactivity/-/reactivity-3.3.4.tgz#a27a29c6cd17faba5a0e99fbb86ee951653e2253"
  integrity sha512-kLTDLwd0B1jG08NBF3R5rqULtv/f8x3rOFByTDz4J53ttIQEDmALqKqXY0J+XQeN0aV2FBxY8nJDf88yvOPAqQ==
  dependencies:
    "@vue/shared" "3.3.4"

"@vue/runtime-core@3.3.4":
  version "3.3.4"
  resolved "https://registry.yarnpkg.com/@vue/runtime-core/-/runtime-core-3.3.4.tgz#4bb33872bbb583721b340f3088888394195967d1"
  integrity sha512-R+bqxMN6pWO7zGI4OMlmvePOdP2c93GsHFM/siJI7O2nxFRzj55pLwkpCedEY+bTMgp5miZ8CxfIZo3S+gFqvA==
  dependencies:
    "@vue/reactivity" "3.3.4"
    "@vue/shared" "3.3.4"

"@vue/runtime-dom@3.3.4":
  version "3.3.4"
  resolved "https://registry.yarnpkg.com/@vue/runtime-dom/-/runtime-dom-3.3.4.tgz#992f2579d0ed6ce961f47bbe9bfe4b6791251566"
  integrity sha512-Aj5bTJ3u5sFsUckRghsNjVTtxZQ1OyMWCr5dZRAPijF/0Vy4xEoRCwLyHXcj4D0UFbJ4lbx3gPTgg06K/GnPnQ==
  dependencies:
    "@vue/runtime-core" "3.3.4"
    "@vue/shared" "3.3.4"
    csstype "^3.1.1"

"@vue/server-renderer@3.3.4":
  version "3.3.4"
  resolved "https://registry.yarnpkg.com/@vue/server-renderer/-/server-renderer-3.3.4.tgz#ea46594b795d1536f29bc592dd0f6655f7ea4c4c"
  integrity sha512-Q6jDDzR23ViIb67v+vM1Dqntu+HUexQcsWKhhQa4ARVzxOY2HbC7QRW/ggkDBd5BU+uM1sV6XOAP0b216o34JQ==
  dependencies:
    "@vue/compiler-ssr" "3.3.4"
    "@vue/shared" "3.3.4"

"@vue/shared@3.3.4", "@vue/shared@^3.3.0":
  version "3.3.4"
  resolved "https://registry.yarnpkg.com/@vue/shared/-/shared-3.3.4.tgz#06e83c5027f464eef861c329be81454bc8b70780"
  integrity sha512-7OjdcV8vQ74eiz1TZLzZP4JwqM5fA94K6yntPS5Z25r9HDuGNzaGdgvwKYq6S+MxwF0TFRwe50fIR/MYnakdkQ==

"@vue/typescript@1.8.8":
  version "1.8.8"
  resolved "https://registry.yarnpkg.com/@vue/typescript/-/typescript-1.8.8.tgz#8efb375d448862134492a044f4e96afada547500"
  integrity sha512-jUnmMB6egu5wl342eaUH236v8tdcEPXXkPgj+eI/F6JwW/lb+yAU6U07ZbQ3MVabZRlupIlPESB7ajgAGixhow==
  dependencies:
    "@volar/typescript" "~1.10.0"
    "@vue/language-core" "1.8.8"

balanced-match@^1.0.0:
  version "1.0.2"
  resolved "https://registry.yarnpkg.com/balanced-match/-/balanced-match-1.0.2.tgz#e83e3a7e3f300b34cb9d87f615fa0cbf357690ee"
  integrity sha512-3oSeUO0TMV67hN1AmbXsK4yaqU7tjiHlbxRDZOpH0KW9+CeX4bRAaX0Anxt0tx2MrpRpWwQaPwIlISEJhYU5Pw==

brace-expansion@^2.0.1:
  version "2.0.1"
  resolved "https://registry.yarnpkg.com/brace-expansion/-/brace-expansion-2.0.1.tgz#1edc459e0f0c548486ecf9fc99f2221364b9a0ae"
  integrity sha512-XnAIvQ8eM+kC6aULx6wuQiwVsnzsi9d3WxzV3FpWTGA19F621kwdbsAcFKXgKUHZWsy+mY6iL1sHTxWEFCytDA==
  dependencies:
    balanced-match "^1.0.0"

csstype@^3.1.1:
  version "3.1.2"
  resolved "https://registry.yarnpkg.com/csstype/-/csstype-3.1.2.tgz#1d4bf9d572f11c14031f0436e1c10bc1f571f50b"
  integrity sha512-I7K1Uu0MBPzaFKg4nI5Q7Vs2t+3gWWW648spaF+Rg7pI9ds18Ugn+lvg4SHczUdKlHI5LWBXyqfS8+DufyBsgQ==

de-indent@^1.0.2:
  version "1.0.2"
  resolved "https://registry.yarnpkg.com/de-indent/-/de-indent-1.0.2.tgz#b2038e846dc33baa5796128d0804b455b8c1e21d"
  integrity sha512-e/1zu3xH5MQryN2zdVaF0OrdNLUbvWxzMbi+iNA6Bky7l1RoP8a2fIbRocyHclXt/arDrrR6lL3TqFD9pMQTsg==

esbuild@^0.18.10:
  version "0.18.20"
  resolved "https://registry.yarnpkg.com/esbuild/-/esbuild-0.18.20.tgz#4709f5a34801b43b799ab7d6d82f7284a9b7a7a6"
  integrity sha512-ceqxoedUrcayh7Y7ZX6NdbbDzGROiyVBgC4PriJThBKSVPWnnFHZAkfI1lJT8QFkOwH4qOS2SJkS4wvpGl8BpA==
  optionalDependencies:
    "@esbuild/android-arm" "0.18.20"
    "@esbuild/android-arm64" "0.18.20"
    "@esbuild/android-x64" "0.18.20"
    "@esbuild/darwin-arm64" "0.18.20"
    "@esbuild/darwin-x64" "0.18.20"
    "@esbuild/freebsd-arm64" "0.18.20"
    "@esbuild/freebsd-x64" "0.18.20"
    "@esbuild/linux-arm" "0.18.20"
    "@esbuild/linux-arm64" "0.18.20"
    "@esbuild/linux-ia32" "0.18.20"
    "@esbuild/linux-loong64" "0.18.20"
    "@esbuild/linux-mips64el" "0.18.20"
    "@esbuild/linux-ppc64" "0.18.20"
    "@esbuild/linux-riscv64" "0.18.20"
    "@esbuild/linux-s390x" "0.18.20"
    "@esbuild/linux-x64" "0.18.20"
    "@esbuild/netbsd-x64" "0.18.20"
    "@esbuild/openbsd-x64" "0.18.20"
    "@esbuild/sunos-x64" "0.18.20"
    "@esbuild/win32-arm64" "0.18.20"
    "@esbuild/win32-ia32" "0.18.20"
    "@esbuild/win32-x64" "0.18.20"

estree-walker@^2.0.2:
  version "2.0.2"
  resolved "https://registry.yarnpkg.com/estree-walker/-/estree-walker-2.0.2.tgz#52f010178c2a4c117a7757cfe942adb7d2da4cac"
  integrity sha512-Rfkk/Mp/DL7JVje3u18FxFujQlTNR2q6QfMSMB7AvCBx91NGj/ba3kCfza0f6dVDbw7YlRf/nDrn7pQrCCyQ/w==

fsevents@~2.3.2:
  version "2.3.3"
  resolved "https://registry.yarnpkg.com/fsevents/-/fsevents-2.3.3.tgz#cac6407785d03675a2a5e1a5305c697b347d90d6"
  integrity sha512-5xoDfX+fL7faATnagmWPpbFtwh/R77WmMMqqHGS65C3vvB0YHrgF+B1YmZ3441tMj5n63k0212XNoJwzlhffQw==

he@^1.2.0:
  version "1.2.0"
  resolved "https://registry.yarnpkg.com/he/-/he-1.2.0.tgz#84ae65fa7eafb165fddb61566ae14baf05664f0f"
  integrity sha512-F/1DnUGPopORZi0ni+CvrCgHQ5FyEAHRLSApuYWMmrbSwoN2Mn/7k+Gl38gJnR7yyDZk6WLXwiGod1JOWNDKGw==

leafer-ui@^1.0.0-beta.10:
  version "1.0.0-beta.10"
  resolved "https://registry.yarnpkg.com/leafer-ui/-/leafer-ui-1.0.0-beta.10.tgz#cbb033502bd4e0824cfc78aeb6fbd7b5eb107733"
  integrity sha512-zMZIiuwY0dTC+Gq0w8f1P2sJ6/pbgcCLPlXZbZSvrsB9DEW9q3FOD2At+igNu6tp2sinajtzWJhq1qaQygCpFQ==
  dependencies:
    "@leafer-ui/interface" "1.0.0-beta.10"
    "@leafer-ui/web" "1.0.0-beta.10"
    "@leafer/interface" "1.0.0-beta.10"

lru-cache@^6.0.0:
  version "6.0.0"
  resolved "https://registry.yarnpkg.com/lru-cache/-/lru-cache-6.0.0.tgz#6d6fe6570ebd96aaf90fcad1dafa3b2566db3a94"
  integrity sha512-Jo6dJ04CmSjuznwJSS3pUeWmd/H0ffTlkXXgwZi+eq1UCmqQwCh+eLsYOYCwY991i2Fah4h1BEMCx4qThGbsiA==
  dependencies:
    yallist "^4.0.0"

magic-string@^0.30.0:
  version "0.30.3"
  resolved "https://registry.yarnpkg.com/magic-string/-/magic-string-0.30.3.tgz#403755dfd9d6b398dfa40635d52e96c5ac095b85"
  integrity sha512-B7xGbll2fG/VjP+SWg4sX3JynwIU0mjoTc6MPpKNuIvftk6u6vqhDnk1R80b8C2GBR6ywqy+1DcKBrevBg+bmw==
  dependencies:
    "@jridgewell/sourcemap-codec" "^1.4.15"

minimatch@^9.0.0:
  version "9.0.3"
  resolved "https://registry.yarnpkg.com/minimatch/-/minimatch-9.0.3.tgz#a6e00c3de44c3a542bfaae70abfc22420a6da825"
  integrity sha512-RHiac9mvaRw0x3AYRgDC1CxAP7HTcNrrECeA8YYJeWnpo+2Q5CegtZjaotWTWxDG3UeGA1coE05iH1mPjT/2mg==
  dependencies:
    brace-expansion "^2.0.1"

muggle-string@^0.3.1:
  version "0.3.1"
  resolved "https://registry.yarnpkg.com/muggle-string/-/muggle-string-0.3.1.tgz#e524312eb1728c63dd0b2ac49e3282e6ed85963a"
  integrity sha512-ckmWDJjphvd/FvZawgygcUeQCxzvohjFO5RxTjj4eq8kw359gFF3E1brjfI+viLMxss5JrHTDRHZvu2/tuy0Qg==

nanoid@^3.3.6:
  version "3.3.6"
  resolved "https://registry.yarnpkg.com/nanoid/-/nanoid-3.3.6.tgz#443380c856d6e9f9824267d960b4236ad583ea4c"
  integrity sha512-BGcqMMJuToF7i1rt+2PWSNVnWIkGCU78jBG3RxO/bZlnZPK2Cmi2QaffxGO/2RvWi9sL+FAiRiXMgsyxQ1DIDA==

picocolors@^1.0.0:
  version "1.0.0"
  resolved "https://registry.yarnpkg.com/picocolors/-/picocolors-1.0.0.tgz#cb5bdc74ff3f51892236eaf79d68bc44564ab81c"
  integrity sha512-1fygroTLlHu66zi26VoTDv8yRgm0Fccecssto+MhsZ0D/DGW2sm8E8AjW7NU5VVTRt5GxbeZ5qBuJr+HyLYkjQ==

postcss@^8.1.10, postcss@^8.4.27:
  version "8.4.28"
  resolved "https://registry.yarnpkg.com/postcss/-/postcss-8.4.28.tgz#c6cc681ed00109072816e1557f889ef51cf950a5"
  integrity sha512-Z7V5j0cq8oEKyejIKfpD8b4eBy9cwW2JWPk0+fB1HOAMsfHbnAXLLS+PfVWlzMSLQaWttKDt607I0XHmpE67Vw==
  dependencies:
    nanoid "^3.3.6"
    picocolors "^1.0.0"
    source-map-js "^1.0.2"

rollup@^3.27.1:
  version "3.28.1"
  resolved "https://registry.yarnpkg.com/rollup/-/rollup-3.28.1.tgz#fb44aa6d5e65c7e13fd5bcfff266d0c4ea9ba433"
  integrity sha512-R9OMQmIHJm9znrU3m3cpE8uhN0fGdXiawME7aZIpQqvpS/85+Vt1Hq1/yVIcYfOmaQiHjvXkQAoJukvLpau6Yw==
  optionalDependencies:
    fsevents "~2.3.2"

semver@^7.3.8:
  version "7.5.4"
  resolved "https://registry.yarnpkg.com/semver/-/semver-7.5.4.tgz#483986ec4ed38e1c6c48c34894a9182dbff68a6e"
  integrity sha512-1bCSESV6Pv+i21Hvpxp3Dx+pSD8lIPt8uVjRrxAUt/nbswYc+tK6Y2btiULjd4+fnq15PX+nqQDC7Oft7WkwcA==
  dependencies:
    lru-cache "^6.0.0"

source-map-js@^1.0.2:
  version "1.0.2"
  resolved "https://registry.yarnpkg.com/source-map-js/-/source-map-js-1.0.2.tgz#adbc361d9c62df380125e7f161f71c826f1e490c"
  integrity sha512-R0XvVJ9WusLiqTCEiGCmICCMplcCkIwwR11mOSD9CR5u+IXYdiseeEuXCVAjS54zqwkLcPNnmU4OeJ6tUrWhDw==

typescript@^5.0.2:
  version "5.2.2"
  resolved "https://registry.yarnpkg.com/typescript/-/typescript-5.2.2.tgz#5ebb5e5a5b75f085f22bc3f8460fba308310fa78"
  integrity sha512-mI4WrpHsbCIcwT9cF4FZvr80QUeKvsUsUvKDoR+X/7XHQH98xYD8YHZg7ANtz2GtZt/CBq2QJ0thkGJMHfqc1w==

vite@^4.4.5:
  version "4.4.9"
  resolved "https://registry.yarnpkg.com/vite/-/vite-4.4.9.tgz#1402423f1a2f8d66fd8d15e351127c7236d29d3d"
  integrity sha512-2mbUn2LlUmNASWwSCNSJ/EG2HuSRTnVNaydp6vMCm5VIqJsjMfbIWtbH2kDuwUVW5mMUKKZvGPX/rqeqVvv1XA==
  dependencies:
    esbuild "^0.18.10"
    postcss "^8.4.27"
    rollup "^3.27.1"
  optionalDependencies:
    fsevents "~2.3.2"

vue-template-compiler@^2.7.14:
  version "2.7.14"
  resolved "https://registry.yarnpkg.com/vue-template-compiler/-/vue-template-compiler-2.7.14.tgz#4545b7dfb88090744c1577ae5ac3f964e61634b1"
  integrity sha512-zyA5Y3ArvVG0NacJDkkzJuPQDF8RFeRlzV2vLeSnhSpieO6LK2OVbdLPi5MPPs09Ii+gMO8nY4S3iKQxBxDmWQ==
  dependencies:
    de-indent "^1.0.2"
    he "^1.2.0"

vue-tsc@^1.8.5:
  version "1.8.8"
  resolved "https://registry.yarnpkg.com/vue-tsc/-/vue-tsc-1.8.8.tgz#67317693eb2ef6747e89e6d834eeb6d2deb8871d"
  integrity sha512-bSydNFQsF7AMvwWsRXD7cBIXaNs/KSjvzWLymq/UtKE36697sboX4EccSHFVxvgdBlI1frYPc/VMKJNB7DFeDQ==
  dependencies:
    "@vue/language-core" "1.8.8"
    "@vue/typescript" "1.8.8"
    semver "^7.3.8"

vue@^3.3.4:
  version "3.3.4"
  resolved "https://registry.yarnpkg.com/vue/-/vue-3.3.4.tgz#8ed945d3873667df1d0fcf3b2463ada028f88bd6"
  integrity sha512-VTyEYn3yvIeY1Py0WaYGZsXnz3y5UnGi62GjVEqvEGPl6nxbOrCXbVOTQWBEJUqAyTUk2uJ5JLVnYJ6ZzGbrSw==
  dependencies:
    "@vue/compiler-dom" "3.3.4"
    "@vue/compiler-sfc" "3.3.4"
    "@vue/runtime-dom" "3.3.4"
    "@vue/server-renderer" "3.3.4"
    "@vue/shared" "3.3.4"

yallist@^4.0.0:
  version "4.0.0"
  resolved "https://registry.yarnpkg.com/yallist/-/yallist-4.0.0.tgz#9bb92790d9c0effec63be73519e11a35019a3a72"
  integrity sha512-3wdGidZyq5PB084XLES5TpOSRA3wjXAlIWMhum2kRcv/41Sn2emQ0dycQW4uZXLejwKvg6EsvbdlVL+FYEct7A==
